// !$*UTF8*$!
{
	archiveVersion = 1;
	classes = {
	};
	objectVersion = 46;
	objects = {

/* Begin PBXBuildFile section */
		C4B7BF391F457379001E88A4 /* AppDelegate.swift in Sources */ = {isa = PBXBuildFile; fileRef = C4B7BF381F457379001E88A4 /* AppDelegate.swift */; };
		C4B7BF3B1F457379001E88A4 /* ViewController.swift in Sources */ = {isa = PBXBuildFile; fileRef = C4B7BF3A1F457379001E88A4 /* ViewController.swift */; };
		C4B7BF3E1F457379001E88A4 /* Main.storyboard in Resources */ = {isa = PBXBuildFile; fileRef = C4B7BF3C1F457379001E88A4 /* Main.storyboard */; };
		C4B7BF401F457379001E88A4 /* Assets.xcassets in Resources */ = {isa = PBXBuildFile; fileRef = C4B7BF3F1F457379001E88A4 /* Assets.xcassets */; };
		C4B7BF431F457379001E88A4 /* LaunchScreen.storyboard in Resources */ = {isa = PBXBuildFile; fileRef = C4B7BF411F457379001E88A4 /* LaunchScreen.storyboard */; };
		C4B7BF4E1F45737A001E88A4 /* UITableViewScrollTests.swift in Sources */ = {isa = PBXBuildFile; fileRef = C4B7BF4D1F45737A001E88A4 /* UITableViewScrollTests.swift */; };
		C4B7BF591F45737A001E88A4 /* UITableViewScrollUITests.swift in Sources */ = {isa = PBXBuildFile; fileRef = C4B7BF581F45737A001E88A4 /* UITableViewScrollUITests.swift */; };
		C4B7BF671F4573B2001E88A4 /* TableViewController.swift in Sources */ = {isa = PBXBuildFile; fileRef = C4B7BF661F4573B2001E88A4 /* TableViewController.swift */; };
/* End PBXBuildFile section */

/* Begin PBXContainerItemProxy section */
		C4B7BF4A1F45737A001E88A4 /* PBXContainerItemProxy */ = {
			isa = PBXContainerItemProxy;
			containerPortal = C4B7BF2D1F457379001E88A4 /* Project object */;
			proxyType = 1;
			remoteGlobalIDString = C4B7BF341F457379001E88A4;
			remoteInfo = UITableViewScroll;
		};
		C4B7BF551F45737A001E88A4 /* PBXContainerItemProxy */ = {
			isa = PBXContainerItemProxy;
			containerPortal = C4B7BF2D1F457379001E88A4 /* Project object */;
			proxyType = 1;
			remoteGlobalIDString = C4B7BF341F457379001E88A4;
			remoteInfo = UITableViewScroll;
		};
/* End PBXContainerItemProxy section */

/* Begin PBXFileReference section */
		C4B7BF351F457379001E88A4 /* UITableViewScroll.app */ = {isa = PBXFileReference; explicitFileType = wrapper.application; includeInIndex = 0; path = UITableViewScroll.app; sourceTree = BUILT_PRODUCTS_DIR; };
		C4B7BF381F457379001E88A4 /* AppDelegate.swift */ = {isa = PBXFileReference; lastKnownFileType = sourcecode.swift; path = AppDelegate.swift; sourceTree = "<group>"; };
		C4B7BF3A1F457379001E88A4 /* ViewController.swift */ = {isa = PBXFileReference; lastKnownFileType = sourcecode.swift; path = ViewController.swift; sourceTree = "<group>"; };
		C4B7BF3D1F457379001E88A4 /* Base */ = {isa = PBXFileReference; lastKnownFileType = file.storyboard; name = Base; path = Base.lproj/Main.storyboard; sourceTree = "<group>"; };
		C4B7BF3F1F457379001E88A4 /* Assets.xcassets */ = {isa = PBXFileReference; lastKnownFileType = folder.assetcatalog; path = Assets.xcassets; sourceTree = "<group>"; };
		C4B7BF421F457379001E88A4 /* Base */ = {isa = PBXFileReference; lastKnownFileType = file.storyboard; name = Base; path = Base.lproj/LaunchScreen.storyboard; sourceTree = "<group>"; };
		C4B7BF441F457379001E88A4 /* Info.plist */ = {isa = PBXFileReference; lastKnownFileType = text.plist.xml; path = Info.plist; sourceTree = "<group>"; };
		C4B7BF491F45737A001E88A4 /* UITableViewScrollTests.xctest */ = {isa = PBXFileReference; explicitFileType = wrapper.cfbundle; includeInIndex = 0; path = UITableViewScrollTests.xctest; sourceTree = BUILT_PRODUCTS_DIR; };
		C4B7BF4D1F45737A001E88A4 /* UITableViewScrollTests.swift */ = {isa = PBXFileReference; lastKnownFileType = sourcecode.swift; path = UITableViewScrollTests.swift; sourceTree = "<group>"; };
		C4B7BF4F1F45737A001E88A4 /* Info.plist */ = {isa = PBXFileReference; lastKnownFileType = text.plist.xml; path = Info.plist; sourceTree = "<group>"; };
		C4B7BF541F45737A001E88A4 /* UITableViewScrollUITests.xctest */ = {isa = PBXFileReference; explicitFileType = wrapper.cfbundle; includeInIndex = 0; path = UITableViewScrollUITests.xctest; sourceTree = BUILT_PRODUCTS_DIR; };
		C4B7BF581F45737A001E88A4 /* UITableViewScrollUITests.swift */ = {isa = PBXFileReference; lastKnownFileType = sourcecode.swift; path = UITableViewScrollUITests.swift; sourceTree = "<group>"; };
		C4B7BF5A1F45737A001E88A4 /* Info.plist */ = {isa = PBXFileReference; lastKnownFileType = text.plist.xml; path = Info.plist; sourceTree = "<group>"; };
		C4B7BF661F4573B2001E88A4 /* TableViewController.swift */ = {isa = PBXFileReference; fileEncoding = 4; lastKnownFileType = sourcecode.swift; path = TableViewController.swift; sourceTree = "<group>"; };
/* End PBXFileReference section */

/* Begin PBXFrameworksBuildPhase section */
		C4B7BF321F457379001E88A4 /* Frameworks */ = {
			isa = PBXFrameworksBuildPhase;
			buildActionMask = 2147483647;
			files = (
			);
			runOnlyForDeploymentPostprocessing = 0;
		};
		C4B7BF461F45737A001E88A4 /* Frameworks */ = {
			isa = PBXFrameworksBuildPhase;
			buildActionMask = 2147483647;
			files = (
			);
			runOnlyForDeploymentPostprocessing = 0;
		};
		C4B7BF511F45737A001E88A4 /* Frameworks */ = {
			isa = PBXFrameworksBuildPhase;
			buildActionMask = 2147483647;
			files = (
			);
			runOnlyForDeploymentPostprocessing = 0;
		};
/* End PBXFrameworksBuildPhase section */

/* Begin PBXGroup section */
		C4B7BF2C1F457379001E88A4 = {
			isa = PBXGroup;
			children = (
				C4B7BF371F457379001E88A4 /* UITableViewScroll */,
				C4B7BF4C1F45737A001E88A4 /* UITableViewScrollTests */,
				C4B7BF571F45737A001E88A4 /* UITableViewScrollUITests */,
				C4B7BF361F457379001E88A4 /* Products */,
			);
			sourceTree = "<group>";
		};
		C4B7BF361F457379001E88A4 /* Products */ = {
			isa = PBXGroup;
			children = (
				C4B7BF351F457379001E88A4 /* UITableViewScroll.app */,
				C4B7BF491F45737A001E88A4 /* UITableViewScrollTests.xctest */,
				C4B7BF541F45737A001E88A4 /* UITableViewScrollUITests.xctest */,
			);
			name = Products;
			sourceTree = "<group>";
		};
		C4B7BF371F457379001E88A4 /* UITableViewScroll */ = {
			isa = PBXGroup;
			children = (
				C4B7BF381F457379001E88A4 /* AppDelegate.swift */,
				C4B7BF3A1F457379001E88A4 /* ViewController.swift */,
				C4B7BF661F4573B2001E88A4 /* TableViewController.swift */,
				C4B7BF3C1F457379001E88A4 /* Main.storyboard */,
				C4B7BF3F1F457379001E88A4 /* Assets.xcassets */,
				C4B7BF411F457379001E88A4 /* LaunchScreen.storyboard */,
				C4B7BF441F457379001E88A4 /* Info.plist */,
			);
			path = UITableViewScroll;
			sourceTree = "<group>";
		};
		C4B7BF4C1F45737A001E88A4 /* UITableViewScrollTests */ = {
			isa = PBXGroup;
			children = (
				C4B7BF4D1F45737A001E88A4 /* UITableViewScrollTests.swift */,
				C4B7BF4F1F45737A001E88A4 /* Info.plist */,
			);
			path = UITableViewScrollTests;
			sourceTree = "<group>";
		};
		C4B7BF571F45737A001E88A4 /* UITableViewScrollUITests */ = {
			isa = PBXGroup;
			children = (
				C4B7BF581F45737A001E88A4 /* UITableViewScrollUITests.swift */,
				C4B7BF5A1F45737A001E88A4 /* Info.plist */,
			);
			path = UITableViewScrollUITests;
			sourceTree = "<group>";
		};
/* End PBXGroup section */

/* Begin PBXNativeTarget section */
		C4B7BF341F457379001E88A4 /* UITableViewScroll */ = {
			isa = PBXNativeTarget;
			buildConfigurationList = C4B7BF5D1F45737A001E88A4 /* Build configuration list for PBXNativeTarget "UITableViewScroll" */;
			buildPhases = (
				C4B7BF311F457379001E88A4 /* Sources */,
				C4B7BF321F457379001E88A4 /* Frameworks */,
				C4B7BF331F457379001E88A4 /* Resources */,
			);
			buildRules = (
			);
			dependencies = (
			);
			name = UITableViewScroll;
			productName = UITableViewScroll;
			productReference = C4B7BF351F457379001E88A4 /* UITableViewScroll.app */;
			productType = "com.apple.product-type.application";
		};
		C4B7BF481F45737A001E88A4 /* UITableViewScrollTests */ = {
			isa = PBXNativeTarget;
			buildConfigurationList = C4B7BF601F45737A001E88A4 /* Build configuration list for PBXNativeTarget "UITableViewScrollTests" */;
			buildPhases = (
				C4B7BF451F45737A001E88A4 /* Sources */,
				C4B7BF461F45737A001E88A4 /* Frameworks */,
				C4B7BF471F45737A001E88A4 /* Resources */,
			);
			buildRules = (
			);
			dependencies = (
				C4B7BF4B1F45737A001E88A4 /* PBXTargetDependency */,
			);
			name = UITableViewScrollTests;
			productName = UITableViewScrollTests;
			productReference = C4B7BF491F45737A001E88A4 /* UITableViewScrollTests.xctest */;
			productType = "com.apple.product-type.bundle.unit-test";
		};
		C4B7BF531F45737A001E88A4 /* UITableViewScrollUITests */ = {
			isa = PBXNativeTarget;
			buildConfigurationList = C4B7BF631F45737A001E88A4 /* Build configuration list for PBXNativeTarget "UITableViewScrollUITests" */;
			buildPhases = (
				C4B7BF501F45737A001E88A4 /* Sources */,
				C4B7BF511F45737A001E88A4 /* Frameworks */,
				C4B7BF521F45737A001E88A4 /* Resources */,
			);
			buildRules = (
			);
			dependencies = (
				C4B7BF561F45737A001E88A4 /* PBXTargetDependency */,
			);
			name = UITableViewScrollUITests;
			productName = UITableViewScrollUITests;
			productReference = C4B7BF541F45737A001E88A4 /* UITableViewScrollUITests.xctest */;
			productType = "com.apple.product-type.bundle.ui-testing";
		};
/* End PBXNativeTarget section */

/* Begin PBXProject section */
		C4B7BF2D1F457379001E88A4 /* Project object */ = {
			isa = PBXProject;
			attributes = {
				LastSwiftUpdateCheck = 0830;
				LastUpgradeCheck = 0830;
				ORGANIZATIONNAME = Vialyx;
				TargetAttributes = {
					C4B7BF341F457379001E88A4 = {
						CreatedOnToolsVersion = 8.3.3;
						DevelopmentTeam = A67XWT79K8;
						ProvisioningStyle = Automatic;
					};
					C4B7BF481F45737A001E88A4 = {
						CreatedOnToolsVersion = 8.3.3;
						DevelopmentTeam = A67XWT79K8;
						ProvisioningStyle = Automatic;
						TestTargetID = C4B7BF341F457379001E88A4;
					};
					C4B7BF531F45737A001E88A4 = {
						CreatedOnToolsVersion = 8.3.3;
						DevelopmentTeam = A67XWT79K8;
						ProvisioningStyle = Automatic;
						TestTargetID = C4B7BF341F457379001E88A4;
					};
				};
			};
			buildConfigurationList = C4B7BF301F457379001E88A4 /* Build configuration list for PBXProject "UITableViewScroll" */;
			compatibilityVersion = "Xcode 3.2";
			developmentRegion = English;
			hasScannedForEncodings = 0;
			knownRegions = (
				en,
				Base,
			);
			mainGroup = C4B7BF2C1F457379001E88A4;
			productRefGroup = C4B7BF361F457379001E88A4 /* Products */;
			projectDirPath = "";
			projectRoot = "";
			targets = (
				C4B7BF341F457379001E88A4 /* UITableViewScroll */,
				C4B7BF481F45737A001E88A4 /* UITableViewScrollTests */,
				C4B7BF531F45737A001E88A4 /* UITableViewScrollUITests */,
			);
		};
/* End PBXProject section */

/* Begin PBXResourcesBuildPhase section */
		C4B7BF331F457379001E88A4 /* Resources */ = {
			isa = PBXResourcesBuildPhase;
			buildActionMask = 2147483647;
			files = (
				C4B7BF431F457379001E88A4 /* LaunchScreen.storyboard in Resources */,
				C4B7BF401F457379001E88A4 /* Assets.xcassets in Resources */,
				C4B7BF3E1F457379001E88A4 /* Main.storyboard in Resources */,
			);
			runOnlyForDeploymentPostprocessing = 0;
		};
		C4B7BF471F45737A001E88A4 /* Resources */ = {
			isa = PBXResourcesBuildPhase;
			buildActionMask = 2147483647;
			files = (
			);
			runOnlyForDeploymentPostprocessing = 0;
		};
		C4B7BF521F45737A001E88A4 /* Resources */ = {
			isa = PBXResourcesBuildPhase;
			buildActionMask = 2147483647;
			files = (
			);
			runOnlyForDeploymentPostprocessing = 0;
		};
/* End PBXResourcesBuildPhase section */

/* Begin PBXSourcesBuildPhase section */
		C4B7BF311F457379001E88A4 /* Sources */ = {
			isa = PBXSourcesBuildPhase;
			buildActionMask = 2147483647;
			files = (
				C4B7BF3B1F457379001E88A4 /* ViewController.swift in Sources */,
				C4B7BF671F4573B2001E88A4 /* TableViewController.swift in Sources */,
				C4B7BF391F457379001E88A4 /* AppDelegate.swift in Sources */,
			);
			runOnlyForDeploymentPostprocessing = 0;
		};
		C4B7BF451F45737A001E88A4 /* Sources */ = {
			isa = PBXSourcesBuildPhase;
			buildActionMask = 2147483647;
			files = (
				C4B7BF4E1F45737A001E88A4 /* UITableViewScrollTests.swift in Sources */,
			);
			runOnlyForDeploymentPostprocessing = 0;
		};
		C4B7BF501F45737A001E88A4 /* Sources */ = {
			isa = PBXSourcesBuildPhase;
			buildActionMask = 2147483647;
			files = (
				C4B7BF591F45737A001E88A4 /* UITableViewScrollUITests.swift in Sources */,
			);
			runOnlyForDeploymentPostprocessing = 0;
		};
/* End PBXSourcesBuildPhase section */

/* Begin PBXTargetDependency section */
		C4B7BF4B1F45737A001E88A4 /* PBXTargetDependency */ = {
			isa = PBXTargetDependency;
			target = C4B7BF341F457379001E88A4 /* UITableViewScroll */;
			targetProxy = C4B7BF4A1F45737A001E88A4 /* PBXContainerItemProxy */;
		};
		C4B7BF561F45737A001E88A4 /* PBXTargetDependency */ = {
			isa = PBXTargetDependency;
			target = C4B7BF341F457379001E88A4 /* UITableViewScroll */;
			targetProxy = C4B7BF551F45737A001E88A4 /* PBXContainerItemProxy */;
		};
/* End PBXTargetDependency section */

/* Begin PBXVariantGroup section */
		C4B7BF3C1F457379001E88A4 /* Main.storyboard */ = {
			isa = PBXVariantGroup;
			children = (
				C4B7BF3D1F457379001E88A4 /* Base */,
			);
			name = Main.storyboard;
			sourceTree = "<group>";
		};
		C4B7BF411F457379001E88A4 /* LaunchScreen.storyboard */ = {
			isa = PBXVariantGroup;
			children = (
				C4B7BF421F457379001E88A4 /* Base */,
			);
			name = LaunchScreen.storyboard;
			sourceTree = "<group>";
		};
/* End PBXVariantGroup section */

/* Begin XCBuildConfiguration section */
		C4B7BF5B1F45737A001E88A4 /* Debug */ = {
			isa = XCBuildConfiguration;
			buildSettings = {
				ALWAYS_SEARCH_USER_PATHS = NO;
				CLANG_ANALYZER_NONNULL = YES;
				CLANG_ANALYZER_NUMBER_OBJECT_CONVERSION = YES_AGGRESSIVE;
				CLANG_CXX_LANGUAGE_STANDARD = "gnu++0x";
				CLANG_CXX_LIBRARY = "libc++";
				CLANG_ENABLE_MODULES = YES;
				CLANG_ENABLE_OBJC_ARC = YES;
				CLANG_WARN_BOOL_CONVERSION = YES;
				CLANG_WARN_CONSTANT_CONVERSION = YES;
				CLANG_WARN_DIRECT_OBJC_ISA_USAGE = YES_ERROR;
				CLANG_WARN_DOCUMENTATION_COMMENTS = YES;
				CLANG_WARN_EMPTY_BODY = YES;
				CLANG_WARN_ENUM_CONVERSION = YES;
				CLANG_WARN_INFINITE_RECURSION = YES;
				CLANG_WARN_INT_CONVERSION = YES;
				CLANG_WARN_OBJC_ROOT_CLASS = YES_ERROR;
				CLANG_WARN_SUSPICIOUS_MOVE = YES;
				CLANG_WARN_UNREACHABLE_CODE = YES;
				CLANG_WARN__DUPLICATE_METHOD_MATCH = YES;
				"CODE_SIGN_IDENTITY[sdk=iphoneos*]" = "iPhone Developer";
				COPY_PHASE_STRIP = NO;
				DEBUG_INFORMATION_FORMAT = dwarf;
				ENABLE_STRICT_OBJC_MSGSEND = YES;
				ENABLE_TESTABILITY = YES;
				GCC_C_LANGUAGE_STANDARD = gnu99;
				GCC_DYNAMIC_NO_PIC = NO;
				GCC_NO_COMMON_BLOCKS = YES;
				GCC_OPTIMIZATION_LEVEL = 0;
				GCC_PREPROCESSOR_DEFINITIONS = (
					"DEBUG=1",
					"$(inherited)",
				);
				GCC_WARN_64_TO_32_BIT_CONVERSION = YES;
				GCC_WARN_ABOUT_RETURN_TYPE = YES_ERROR;
				GCC_WARN_UNDECLARED_SELECTOR = YES;
				GCC_WARN_UNINITIALIZED_AUTOS = YES_AGGRESSIVE;
				GCC_WARN_UNUSED_FUNCTION = YES;
				GCC_WARN_UNUSED_VARIABLE = YES;
				IPHONEOS_DEPLOYMENT_TARGET = 10.3;
				MTL_ENABLE_DEBUG_INFO = YES;
				ONLY_ACTIVE_ARCH = YES;
				SDKROOT = iphoneos;
				SWIFT_ACTIVE_COMPILATION_CONDITIONS = DEBUG;
				SWIFT_OPTIMIZATION_LEVEL = "-Onone";
				TARGETED_DEVICE_FAMILY = "1,2";
			};
			name = Debug;
		};
		C4B7BF5C1F45737A001E88A4 /* Release */ = {
			isa = XCBuildConfiguration;
			buildSettings = {
				ALWAYS_SEARCH_USER_PATHS = NO;
				CLANG_ANALYZER_NONNULL = YES;
				CLANG_ANALYZER_NUMBER_OBJECT_CONVERSION = YES_AGGRESSIVE;
				CLANG_CXX_LANGUAGE_STANDARD = "gnu++0x";
				CLANG_CXX_LIBRARY = "libc++";
				CLANG_ENABLE_MODULES = YES;
				CLANG_ENABLE_OBJC_ARC = YES;
				CLANG_WARN_BOOL_CONVERSION = YES;
				CLANG_WARN_CONSTANT_CONVERSION = YES;
				CLANG_WARN_DIRECT_OBJC_ISA_USAGE = YES_ERROR;
				CLANG_WARN_DOCUMENTATION_COMMENTS = YES;
				CLANG_WARN_EMPTY_BODY = YES;
				CLANG_WARN_ENUM_CONVERSION = YES;
				CLANG_WARN_INFINITE_RECURSION = YES;
				CLANG_WARN_INT_CONVERSION = YES;
				CLANG_WARN_OBJC_ROOT_CLASS = YES_ERROR;
				CLANG_WARN_SUSPICIOUS_MOVE = YES;
				CLANG_WARN_UNREACHABLE_CODE = YES;
				CLANG_WARN__DUPLICATE_METHOD_MATCH = YES;
				"CODE_SIGN_IDENTITY[sdk=iphoneos*]" = "iPhone Developer";
				COPY_PHASE_STRIP = NO;
				DEBUG_INFORMATION_FORMAT = "dwarf-with-dsym";
				ENABLE_NS_ASSERTIONS = NO;
				ENABLE_STRICT_OBJC_MSGSEND = YES;
				GCC_C_LANGUAGE_STANDARD = gnu99;
				GCC_NO_COMMON_BLOCKS = YES;
				GCC_WARN_64_TO_32_BIT_CONVERSION = YES;
				GCC_WARN_ABOUT_RETURN_TYPE = YES_ERROR;
				GCC_WARN_UNDECLARED_SELECTOR = YES;
				GCC_WARN_UNINITIALIZED_AUTOS = YES_AGGRESSIVE;
				GCC_WARN_UNUSED_FUNCTION = YES;
				GCC_WARN_UNUSED_VARIABLE = YES;
				IPHONEOS_DEPLOYMENT_TARGET = 10.3;
				MTL_ENABLE_DEBUG_INFO = NO;
				SDKROOT = iphoneos;
				SWIFT_OPTIMIZATION_LEVEL = "-Owholemodule";
				TARGETED_DEVICE_FAMILY = "1,2";
				VALIDATE_PRODUCT = YES;
			};
			name = Release;
		};
		C4B7BF5E1F45737A001E88A4 /* Debug */ = {
			isa = XCBuildConfiguration;
			buildSettings = {
				ASSETCATALOG_COMPILER_APPICON_NAME = AppIcon;
				DEVELOPMENT_TEAM = A67XWT79K8;
				INFOPLIST_FILE = UITableViewScroll/Info.plist;
				LD_RUNPATH_SEARCH_PATHS = "$(inherited) @executable_path/Frameworks";
				PRODUCT_BUNDLE_IDENTIFIER = com.vialyx.UITableViewScroll;
				PRODUCT_NAME = "$(TARGET_NAME)";
				SWIFT_VERSION = 3.0;
			};
			name = Debug;
		};
		C4B7BF5F1F45737A001E88A4 /* Release */ = {
			isa = XCBuildConfiguration;
			buildSettings = {
				ASSETCATALOG_COMPILER_APPICON_NAME = AppIcon;
				DEVELOPMENT_TEAM = A67XWT79K8;
				INFOPLIST_FILE = UITableViewScroll/Info.plist;
				LD_RUNPATH_SEARCH_PATHS = "$(inherited) @executable_path/Frameworks";
				PRODUCT_BUNDLE_IDENTIFIER = com.vialyx.UITableViewScroll;
				PRODUCT_NAME = "$(TARGET_NAME)";
				SWIFT_VERSION = 3.0;
			};
			name = Release;
		};
		C4B7BF611F45737A001E88A4 /* Debug */ = {
			isa = XCBuildConfiguration;
			buildSettings = {
				ALWAYS_EMBED_SWIFT_STANDARD_LIBRARIES = YES;
				BUNDLE_LOADER = "$(TEST_HOST)";
				DEVELOPMENT_TEAM = A67XWT79K8;
				INFOPLIST_FILE = UITableViewScrollTests/Info.plist;
				LD_RUNPATH_SEARCH_PATHS = "$(inherited) @executable_path/Frameworks @loader_path/Frameworks";
				PRODUCT_BUNDLE_IDENTIFIER = com.vialyx.UITableViewScrollTests;
				PRODUCT_NAME = "$(TARGET_NAME)";
				SWIFT_VERSION = 3.0;
				TEST_HOST = "$(BUILT_PRODUCTS_DIR)/UITableViewScroll.app/UITableViewScroll";
			};
			name = Debug;
		};
		C4B7BF621F45737A001E88A4 /* Release */ = {
			isa = XCBuildConfiguration;
			buildSettings = {
				ALWAYS_EMBED_SWIFT_STANDARD_LIBRARIES = YES;
				BUNDLE_LOADER = "$(TEST_HOST)";
				DEVELOPMENT_TEAM = A67XWT79K8;
				INFOPLIST_FILE = UITableViewScrollTests/Info.plist;
				LD_RUNPATH_SEARCH_PATHS = "$(inherited) @executable_path/Frameworks @loader_path/Frameworks";
				PRODUCT_BUNDLE_IDENTIFIER = com.vialyx.UITableViewScrollTests;
				PRODUCT_NAME = "$(TARGET_NAME)";
				SWIFT_VERSION = 3.0;
				TEST_HOST = "$(BUILT_PRODUCTS_DIR)/UITableViewScroll.app/UITableViewScroll";
			};
			name = Release;
		};
		C4B7BF641F45737A001E88A4 /* Debug */ = {
			isa = XCBuildConfiguration;
			buildSettings = {
				ALWAYS_EMBED_SWIFT_STANDARD_LIBRARIES = YES;
				DEVELOPMENT_TEAM = A67XWT79K8;
				INFOPLIST_FILE = UITableViewScrollUITests/Info.plist;
				LD_RUNPATH_SEARCH_PATHS = "$(inherited) @executable_path/Frameworks @loader_path/Frameworks";
				PRODUCT_BUNDLE_IDENTIFIER = com.vialyx.UITableViewScrollUITests;
				PRODUCT_NAME = "$(TARGET_NAME)";
				SWIFT_VERSION = 3.0;
				TEST_TARGET_NAME = UITableViewScroll;
			};
			name = Debug;
		};
		C4B7BF651F45737A001E88A4 /* Release */ = {
			isa = XCBuildConfiguration;
			buildSettings = {
				ALWAYS_EMBED_SWIFT_STANDARD_LIBRARIES = YES;
				DEVELOPMENT_TEAM = A67XWT79K8;
				INFOPLIST_FILE = UITableViewScrollUITests/Info.plist;
				LD_RUNPATH_SEARCH_PATHS = "$(inherited) @executable_path/Frameworks @loader_path/Frameworks";
				PRODUCT_BUNDLE_IDENTIFIER = com.vialyx.UITableViewScrollUITests;
				PRODUCT_NAME = "$(TARGET_NAME)";
				SWIFT_VERSION = 3.0;
				TEST_TARGET_NAME = UITableViewScroll;
			};
			name = Release;
		};
/* End XCBuildConfiguration section */

/* Begin XCConfigurationList section */
		C4B7BF301F457379001E88A4 /* Build configuration list for PBXProject "UITableViewScroll" */ = {
			isa = XCConfigurationList;
			buildConfigurations = (
				C4B7BF5B1F45737A001E88A4 /* Debug */,
				C4B7BF5C1F45737A001E88A4 /* Release */,
			);
			defaultConfigurationIsVisible = 0;
			defaultConfigurationName = Release;
		};
		C4B7BF5D1F45737A001E88A4 /* Build configuration list for PBXNativeTarget "UITableViewScroll" */ = {
			isa = XCConfigurationList;
			buildConfigurations = (
				C4B7BF5E1F45737A001E88A4 /* Debug */,
				C4B7BF5F1F45737A001E88A4 /* Release */,
			);
			defaultConfigurationIsVisible = 0;
		};
		C4B7BF601F45737A001E88A4 /* Build configuration list for PBXNativeTarget "UITableViewScrollTests" */ = {
			isa = XCConfigurationList;
			buildConfigurations = (
				C4B7BF611F45737A001E88A4 /* Debug */,
				C4B7BF621F45737A001E88A4 /* Release */,
			);
			defaultConfigurationIsVisible = 0;
		};
		C4B7BF631F45737A001E88A4 /* Build configuration list for PBXNativeTarget "UITableViewScrollUITests" */ = {
			isa = XCConfigurationList;
			buildConfigurations = (
				C4B7BF641F45737A001E88A4 /* Debug */,
				C4B7BF651F45737A001E88A4 /* Release */,
			);
			defaultConfigurationIsVisible = 0;
		};
/* End XCConfigurationList section */
	};
	rootObject = C4B7BF2D1F457379001E88A4 /* Project object */;
}
